
Microsoft Visual Studio Solution File, Format Version 11.00
# Visual Studio 2010
Project("{8BC9CEB8-8B4A-11D0-8D11-00A0C91BC942}") = "pipedump", "pipedump.vcxproj", "{C66AB775-B5E6-ADAA-6BCB-1D99230CCA1E}"
EndProject
Global
	GlobalSection(SolutionConfigurationPlatforms) = preSolution
		Debug|Win32 = Debug|Win32
		Release|Win32 = Release|Win32
	EndGlobalSection
	GlobalSection(ProjectConfigurationPlatforms) = postSolution
		{C66AB775-B5E6-ADAA-6BCB-1D99230CCA1E}.Debug|Win32.ActiveCfg = Debug|Win32
		{C66AB775-B5E6-ADAA-6BCB-1D99230CCA1E}.Debug|Win32.Build.0 = Debug|Win32
		{C66AB775-B5E6-ADAA-6BCB-1D99230CCA1E}.Release|Win32.ActiveCfg = Release|Win32
		{C66AB775-B5E6-ADAA-6BCB-1D99230CCA1E}.Release|Win32.Build.0 = Release|Win32
	EndGlobalSection
	GlobalSection(SolutionProperties) = preSolution
		HideSolutionNode = FALSE
	EndGlobalSection
EndGlobal
